
Microsoft Visual Studio Solution File, Format Version 12.00
# Visual Studio 15
VisualStudioVersion = 15.0.28307.136
MinimumVisualStudioVersion = 10.0.40219.1
Project("{9A19103F-16F7-4668-BE54-9A1E7A4F7556}") = "AzureStorage.Migrations.Core", "AzureStorage.Migrations.Core\AzureStorage.Migrations.Core.csproj", "{2A684198-4C47-4537-A8D3-5AEF19963DAB}"
EndProject
Project("{9A19103F-16F7-4668-BE54-9A1E7A4F7556}") = "AzureStorage.Migrations.Runner", "AzureStorage.Migrations.Runner\AzureStorage.Migrations.Runner.csproj", "{C817D028-10C4-4408-BFD1-E9271273A132}"
EndProject
Project("{9A19103F-16F7-4668-BE54-9A1E7A4F7556}") = "AzureStorage.Migrations.Storage.AzureBlob", "AzureStorage.Migrations.Storage.AzureBlob\AzureStorage.Migrations.Storage.AzureBlob.csproj", "{4AC7909F-D90C-40B2-82F6-58BC3EAFCBB6}"
EndProject
Project("{9A19103F-16F7-4668-BE54-9A1E7A4F7556}") = "AzureStorage.Migrations.Console", "AzureStorage.Migrations.Console\AzureStorage.Migrations.Console.csproj", "{AEB537CB-F312-4D43-BBDA-EDC3FF678F1C}"
EndProject
Project("{2150E333-8FDC-42A3-9474-1A3956D46DE8}") = "tests", "tests", "{53017349-4008-4B59-9D69-CE317FC9A27C}"
EndProject
Project("{9A19103F-16F7-4668-BE54-9A1E7A4F7556}") = "AzureStorage.Migrations.Console.Tests", "AzureStorage.Migrations.Console.Tests\AzureStorage.Migrations.Console.Tests.csproj", "{6B290166-C885-43F8-9649-346731EB09A6}"
EndProject
Global
	GlobalSection(SolutionConfigurationPlatforms) = preSolution
		Debug|Any CPU = Debug|Any CPU
		Release|Any CPU = Release|Any CPU
	EndGlobalSection
	GlobalSection(ProjectConfigurationPlatforms) = postSolution
		{2A684198-4C47-4537-A8D3-5AEF19963DAB}.Debug|Any CPU.ActiveCfg = Debug|Any CPU
		{2A684198-4C47-4537-A8D3-5AEF19963DAB}.Debug|Any CPU.Build.0 = Debug|Any CPU
		{2A684198-4C47-4537-A8D3-5AEF19963DAB}.Release|Any CPU.ActiveCfg = Release|Any CPU
		{2A684198-4C47-4537-A8D3-5AEF19963DAB}.Release|Any CPU.Build.0 = Release|Any CPU
		{C817D028-10C4-4408-BFD1-E9271273A132}.Debug|Any CPU.ActiveCfg = Debug|Any CPU
		{C817D028-10C4-4408-BFD1-E9271273A132}.Debug|Any CPU.Build.0 = Debug|Any CPU
		{C817D028-10C4-4408-BFD1-E9271273A132}.Release|Any CPU.ActiveCfg = Release|Any CPU
		{C817D028-10C4-4408-BFD1-E9271273A132}.Release|Any CPU.Build.0 = Release|Any CPU
		{4AC7909F-D90C-40B2-82F6-58BC3EAFCBB6}.Debug|Any CPU.ActiveCfg = Debug|Any CPU
		{4AC7909F-D90C-40B2-82F6-58BC3EAFCBB6}.Debug|Any CPU.Build.0 = Debug|Any CPU
		{4AC7909F-D90C-40B2-82F6-58BC3EAFCBB6}.Release|Any CPU.ActiveCfg = Release|Any CPU
		{4AC7909F-D90C-40B2-82F6-58BC3EAFCBB6}.Release|Any CPU.Build.0 = Release|Any CPU
		{AEB537CB-F312-4D43-BBDA-EDC3FF678F1C}.Debug|Any CPU.ActiveCfg = Debug|Any CPU
		{AEB537CB-F312-4D43-BBDA-EDC3FF678F1C}.Debug|Any CPU.Build.0 = Debug|Any CPU
		{AEB537CB-F312-4D43-BBDA-EDC3FF678F1C}.Release|Any CPU.ActiveCfg = Release|Any CPU
		{AEB537CB-F312-4D43-BBDA-EDC3FF678F1C}.Release|Any CPU.Build.0 = Release|Any CPU
		{6B290166-C885-43F8-9649-346731EB09A6}.Debug|Any CPU.ActiveCfg = Debug|Any CPU
		{6B290166-C885-43F8-9649-346731EB09A6}.Debug|Any CPU.Build.0 = Debug|Any CPU
		{6B290166-C885-43F8-9649-346731EB09A6}.Release|Any CPU.ActiveCfg = Release|Any CPU
		{6B290166-C885-43F8-9649-346731EB09A6}.Release|Any CPU.Build.0 = Release|Any CPU
	EndGlobalSection
	GlobalSection(SolutionProperties) = preSolution
		HideSolutionNode = FALSE
	EndGlobalSection
	GlobalSection(NestedProjects) = preSolution
		{6B290166-C885-43F8-9649-346731EB09A6} = {53017349-4008-4B59-9D69-CE317FC9A27C}
	EndGlobalSection
	GlobalSection(ExtensibilityGlobals) = postSolution
		SolutionGuid = {25D3C274-8F16-4043-BA6C-CBCBA5B8C2D2}
	EndGlobalSection
EndGlobal
